// !$*UTF8*$!
{
	archiveVersion = 1;
	classes = {
	};
	objectVersion = 50;
	objects = {

/* Begin PBXBuildFile section */
		6564A22B2C84509B0042983C /* _694d7a94-62d3-49c8-adfa-bc9804631895.jpeg in Resources */ = {isa = PBXBuildFile; fileRef = 6564A22A2C84509B0042983C /* _694d7a94-62d3-49c8-adfa-bc9804631895.jpeg */; };
		6564A2312C84657A0042983C /* SettingsViewController.swift in Sources */ = {isa = PBXBuildFile; fileRef = 6564A2302C84657A0042983C /* SettingsViewController.swift */; };
		6564A2352C84696E0042983C /* SettingstypeViewController.swift in Sources */ = {isa = PBXBuildFile; fileRef = 6564A2342C84696E0042983C /* SettingstypeViewController.swift */; };
		6564A2392C8481520042983C /* PDFReaderViewController.swift in Sources */ = {isa = PBXBuildFile; fileRef = 6564A2382C8481520042983C /* PDFReaderViewController.swift */; };
		6564A23E2C8482370042983C /* sample.pdf in Resources */ = {isa = PBXBuildFile; fileRef = 6564A23D2C8482370042983C /* sample.pdf */; };
		6564A2432C84D4310042983C /* T_exp_level.pdf in Resources */ = {isa = PBXBuildFile; fileRef = 6564A2402C84D4300042983C /* T_exp_level.pdf */; };
		6564A2442C84D4310042983C /* T_int_level.pdf in Resources */ = {isa = PBXBuildFile; fileRef = 6564A2412C84D4310042983C /* T_int_level.pdf */; };
		6564A2452C84D4310042983C /* T_beg_level.pdf in Resources */ = {isa = PBXBuildFile; fileRef = 6564A2422C84D4310042983C /* T_beg_level.pdf */; };
		6564A24C2C84D4910042983C /* D_exp_level.pdf in Resources */ = {isa = PBXBuildFile; fileRef = 6564A2492C84D4910042983C /* D_exp_level.pdf */; };
		6564A24D2C84D4910042983C /* D_int_level.pdf in Resources */ = {isa = PBXBuildFile; fileRef = 6564A24A2C84D4910042983C /* D_int_level.pdf */; };
		6564A24E2C84D4910042983C /* D_beg_level.pdf in Resources */ = {isa = PBXBuildFile; fileRef = 6564A24B2C84D4910042983C /* D_beg_level.pdf */; };
		6564A2552C84D52B0042983C /* L_beg_level.pdf in Resources */ = {isa = PBXBuildFile; fileRef = 6564A2522C84D52B0042983C /* L_beg_level.pdf */; };
		6564A2562C84D52B0042983C /* L_exp_level.pdf in Resources */ = {isa = PBXBuildFile; fileRef = 6564A2532C84D52B0042983C /* L_exp_level.pdf */; };
		6564A2572C84D52B0042983C /* L_int_level.pdf in Resources */ = {isa = PBXBuildFile; fileRef = 6564A2542C84D52B0042983C /* L_int_level.pdf */; };
		6569E6432C8360A500CE1042 /* AppDelegate.swift in Sources */ = {isa = PBXBuildFile; fileRef = 6569E6422C8360A500CE1042 /* AppDelegate.swift */; };
		6569E6452C8360A500CE1042 /* SceneDelegate.swift in Sources */ = {isa = PBXBuildFile; fileRef = 6569E6442C8360A500CE1042 /* SceneDelegate.swift */; };
		6569E6472C8360A500CE1042 /* ViewController.swift in Sources */ = {isa = PBXBuildFile; fileRef = 6569E6462C8360A500CE1042 /* ViewController.swift */; };
		6569E64A2C8360A500CE1042 /* Main.storyboard in Resources */ = {isa = PBXBuildFile; fileRef = 6569E6482C8360A500CE1042 /* Main.storyboard */; };
		6569E64D2C8360A500CE1042 /* Leadership___Decision_Making.xcdatamodeld in Sources */ = {isa = PBXBuildFile; fileRef = 6569E64B2C8360A500CE1042 /* Leadership___Decision_Making.xcdatamodeld */; };
		6569E64F2C8360A700CE1042 /* Assets.xcassets in Resources */ = {isa = PBXBuildFile; fileRef = 6569E64E2C8360A700CE1042 /* Assets.xcassets */; };
		6569E6522C8360A700CE1042 /* LaunchScreen.storyboard in Resources */ = {isa = PBXBuildFile; fileRef = 6569E6502C8360A700CE1042 /* LaunchScreen.storyboard */; };
		6569E6632C83664800CE1042 /* LessonView.swift in Sources */ = {isa = PBXBuildFile; fileRef = 6569E6622C83664800CE1042 /* LessonView.swift */; };
		6569E6682C8395DA00CE1042 /* DetailViewController.swift in Sources */ = {isa = PBXBuildFile; fileRef = 6569E6672C8395DA00CE1042 /* DetailViewController.swift */; };
/* End PBXBuildFile section */

/* Begin PBXFileReference section */
		6564A22A2C84509B0042983C /* _694d7a94-62d3-49c8-adfa-bc9804631895.jpeg */ = {isa = PBXFileReference; lastKnownFileType = image.jpeg; path = "_694d7a94-62d3-49c8-adfa-bc9804631895.jpeg"; sourceTree = "<group>"; };
		6564A2302C84657A0042983C /* SettingsViewController.swift */ = {isa = PBXFileReference; lastKnownFileType = sourcecode.swift; path = SettingsViewController.swift; sourceTree = "<group>"; };
		6564A2342C84696E0042983C /* SettingstypeViewController.swift */ = {isa = PBXFileReference; lastKnownFileType = sourcecode.swift; path = SettingstypeViewController.swift; sourceTree = "<group>"; };
		6564A2382C8481520042983C /* PDFReaderViewController.swift */ = {isa = PBXFileReference; lastKnownFileType = sourcecode.swift; path = PDFReaderViewController.swift; sourceTree = "<group>"; };
		6564A23D2C8482370042983C /* sample.pdf */ = {isa = PBXFileReference; lastKnownFileType = image.pdf; path = sample.pdf; sourceTree = "<group>"; };
		6564A2402C84D4300042983C /* T_exp_level.pdf */ = {isa = PBXFileReference; lastKnownFileType = image.pdf; path = T_exp_level.pdf; sourceTree = "<group>"; };
		6564A2412C84D4310042983C /* T_int_level.pdf */ = {isa = PBXFileReference; lastKnownFileType = image.pdf; path = T_int_level.pdf; sourceTree = "<group>"; };
		6564A2422C84D4310042983C /* T_beg_level.pdf */ = {isa = PBXFileReference; lastKnownFileType = image.pdf; path = T_beg_level.pdf; sourceTree = "<group>"; };
		6564A2492C84D4910042983C /* D_exp_level.pdf */ = {isa = PBXFileReference; lastKnownFileType = image.pdf; path = D_exp_level.pdf; sourceTree = "<group>"; };
		6564A24A2C84D4910042983C /* D_int_level.pdf */ = {isa = PBXFileReference; lastKnownFileType = image.pdf; path = D_int_level.pdf; sourceTree = "<group>"; };
		6564A24B2C84D4910042983C /* D_beg_level.pdf */ = {isa = PBXFileReference; lastKnownFileType = image.pdf; path = D_beg_level.pdf; sourceTree = "<group>"; };
		6564A2522C84D52B0042983C /* L_beg_level.pdf */ = {isa = PBXFileReference; lastKnownFileType = image.pdf; path = L_beg_level.pdf; sourceTree = "<group>"; };
		6564A2532C84D52B0042983C /* L_exp_level.pdf */ = {isa = PBXFileReference; lastKnownFileType = image.pdf; path = L_exp_level.pdf; sourceTree = "<group>"; };
		6564A2542C84D52B0042983C /* L_int_level.pdf */ = {isa = PBXFileReference; lastKnownFileType = image.pdf; path = L_int_level.pdf; sourceTree = "<group>"; };
		6569E63F2C8360A500CE1042 /* Leadership & Decision Making.app */ = {isa = PBXFileReference; explicitFileType = wrapper.application; includeInIndex = 0; path = "Leadership & Decision Making.app"; sourceTree = BUILT_PRODUCTS_DIR; };
		6569E6422C8360A500CE1042 /* AppDelegate.swift */ = {isa = PBXFileReference; lastKnownFileType = sourcecode.swift; path = AppDelegate.swift; sourceTree = "<group>"; };
		6569E6442C8360A500CE1042 /* SceneDelegate.swift */ = {isa = PBXFileReference; lastKnownFileType = sourcecode.swift; path = SceneDelegate.swift; sourceTree = "<group>"; };
		6569E6462C8360A500CE1042 /* ViewController.swift */ = {isa = PBXFileReference; lastKnownFileType = sourcecode.swift; path = ViewController.swift; sourceTree = "<group>"; };
		6569E6492C8360A500CE1042 /* Base */ = {isa = PBXFileReference; lastKnownFileType = file.storyboard; name = Base; path = Base.lproj/Main.storyboard; sourceTree = "<group>"; };
		6569E64C2C8360A500CE1042 /* Leadership___Decision_Making.xcdatamodel */ = {isa = PBXFileReference; lastKnownFileType = wrapper.xcdatamodel; path = "Leadership___Decision_Making.xcdatamodel"; sourceTree = "<group>"; };
		6569E64E2C8360A700CE1042 /* Assets.xcassets */ = {isa = PBXFileReference; lastKnownFileType = folder.assetcatalog; path = Assets.xcassets; sourceTree = "<group>"; };
		6569E6512C8360A700CE1042 /* Base */ = {isa = PBXFileReference; lastKnownFileType = file.storyboard; name = Base; path = Base.lproj/LaunchScreen.storyboard; sourceTree = "<group>"; };
		6569E6532C8360A700CE1042 /* Info.plist */ = {isa = PBXFileReference; lastKnownFileType = text.plist.xml; path = Info.plist; sourceTree = "<group>"; };
		6569E6622C83664800CE1042 /* LessonView.swift */ = {isa = PBXFileReference; lastKnownFileType = sourcecode.swift; path = LessonView.swift; sourceTree = "<group>"; };
		6569E6672C8395DA00CE1042 /* DetailViewController.swift */ = {isa = PBXFileReference; lastKnownFileType = sourcecode.swift; path = DetailViewController.swift; sourceTree = "<group>"; };
/* End PBXFileReference section */

/* Begin PBXFrameworksBuildPhase section */
		6569E63C2C8360A500CE1042 /* Frameworks */ = {
			isa = PBXFrameworksBuildPhase;
			buildActionMask = 2147483647;
			files = (
			);
			runOnlyForDeploymentPostprocessing = 0;
		};
/* End PBXFrameworksBuildPhase section */

/* Begin PBXGroup section */
		6564A22F2C84655D0042983C /* Settings */ = {
			isa = PBXGroup;
			children = (
				6564A2302C84657A0042983C /* SettingsViewController.swift */,
				6564A2342C84696E0042983C /* SettingstypeViewController.swift */,
			);
			path = Settings;
			sourceTree = "<group>";
		};
		6564A2372C8481370042983C /* PDF_Reader */ = {
			isa = PBXGroup;
			children = (
				6564A2382C8481520042983C /* PDFReaderViewController.swift */,
			);
			path = PDF_Reader;
			sourceTree = "<group>";
		};
		6564A23C2C8482250042983C /* Books */ = {
			isa = PBXGroup;
			children = (
				6564A2512C84D5090042983C /* Leadership */,
				6564A2502C84D4A20042983C /* Decision Making */,
				6564A2472C84D43A0042983C /* Tactical Thinking */,
				6564A23D2C8482370042983C /* sample.pdf */,
			);
			path = Books;
			sourceTree = "<group>";
		};
		6564A2472C84D43A0042983C /* Tactical Thinking */ = {
			isa = PBXGroup;
			children = (
				6564A2422C84D4310042983C /* T_beg_level.pdf */,
				6564A2402C84D4300042983C /* T_exp_level.pdf */,
				6564A2412C84D4310042983C /* T_int_level.pdf */,
			);
			name = "Tactical Thinking";
			sourceTree = "<group>";
		};
		6564A2502C84D4A20042983C /* Decision Making */ = {
			isa = PBXGroup;
			children = (
				6564A24B2C84D4910042983C /* D_beg_level.pdf */,
				6564A2492C84D4910042983C /* D_exp_level.pdf */,
				6564A24A2C84D4910042983C /* D_int_level.pdf */,
			);
			name = "Decision Making";
			sourceTree = "<group>";
		};
		6564A2512C84D5090042983C /* Leadership */ = {
			isa = PBXGroup;
			children = (
				6564A2522C84D52B0042983C /* L_beg_level.pdf */,
				6564A2532C84D52B0042983C /* L_exp_level.pdf */,
				6564A2542C84D52B0042983C /* L_int_level.pdf */,
			);
			name = Leadership;
			path = ..;
			sourceTree = "<group>";
		};
		6569E6362C8360A500CE1042 = {
			isa = PBXGroup;
			children = (
				6569E6412C8360A500CE1042 /* Leadership & Decision Making */,
				6569E6402C8360A500CE1042 /* Products */,
			);
			sourceTree = "<group>";
		};
		6569E6402C8360A500CE1042 /* Products */ = {
			isa = PBXGroup;
			children = (
				6569E63F2C8360A500CE1042 /* Leadership & Decision Making.app */,
			);
			name = Products;
			sourceTree = "<group>";
		};
		6569E6412C8360A500CE1042 /* Leadership & Decision Making */ = {
			isa = PBXGroup;
			children = (
				6564A23C2C8482250042983C /* Books */,
				6564A2372C8481370042983C /* PDF_Reader */,
				6564A22F2C84655D0042983C /* Settings */,
				6569E6662C83959C00CE1042 /* Lessons */,
				6569E6652C83957800CE1042 /* Dashbaord */,
				6569E6422C8360A500CE1042 /* AppDelegate.swift */,
				6569E6442C8360A500CE1042 /* SceneDelegate.swift */,
				6569E6482C8360A500CE1042 /* Main.storyboard */,
				6569E64E2C8360A700CE1042 /* Assets.xcassets */,
				6564A22A2C84509B0042983C /* _694d7a94-62d3-49c8-adfa-bc9804631895.jpeg */,
				6569E6502C8360A700CE1042 /* LaunchScreen.storyboard */,
				6569E6532C8360A700CE1042 /* Info.plist */,
				6569E64B2C8360A500CE1042 /* Leadership___Decision_Making.xcdatamodeld */,
			);
			path = "Leadership & Decision Making";
			sourceTree = "<group>";
		};
		6569E6652C83957800CE1042 /* Dashbaord */ = {
			isa = PBXGroup;
			children = (
				6569E6462C8360A500CE1042 /* ViewController.swift */,
				6569E6622C83664800CE1042 /* LessonView.swift */,
			);
			path = Dashbaord;
			sourceTree = "<group>";
		};
		6569E6662C83959C00CE1042 /* Lessons */ = {
			isa = PBXGroup;
			children = (
				6569E6672C8395DA00CE1042 /* DetailViewController.swift */,
			);
			path = Lessons;
			sourceTree = "<group>";
		};
/* End PBXGroup section */

/* Begin PBXNativeTarget section */
		6569E63E2C8360A500CE1042 /* Leadership & Decision Making */ = {
			isa = PBXNativeTarget;
			buildConfigurationList = 6569E6562C8360A700CE1042 /* Build configuration list for PBXNativeTarget "Leadership & Decision Making" */;
			buildPhases = (
				6569E63B2C8360A500CE1042 /* Sources */,
				6569E63C2C8360A500CE1042 /* Frameworks */,
				6569E63D2C8360A500CE1042 /* Resources */,
			);
			buildRules = (
			);
			dependencies = (
			);
			name = "Leadership & Decision Making";
			productName = "Leadership & Decision Making";
			productReference = 6569E63F2C8360A500CE1042 /* Leadership & Decision Making.app */;
			productType = "com.apple.product-type.application";
		};
/* End PBXNativeTarget section */

/* Begin PBXProject section */
		6569E6372C8360A500CE1042 /* Project object */ = {
			isa = PBXProject;
			attributes = {
				LastSwiftUpdateCheck = 1240;
				LastUpgradeCheck = 1240;
				TargetAttributes = {
					6569E63E2C8360A500CE1042 = {
						CreatedOnToolsVersion = 12.4;
					};
				};
			};
			buildConfigurationList = 6569E63A2C8360A500CE1042 /* Build configuration list for PBXProject "Leadership & Decision Making" */;
			compatibilityVersion = "Xcode 9.3";
			developmentRegion = en;
			hasScannedForEncodings = 0;
			knownRegions = (
				en,
				Base,
			);
			mainGroup = 6569E6362C8360A500CE1042;
			productRefGroup = 6569E6402C8360A500CE1042 /* Products */;
			projectDirPath = "";
			projectRoot = "";
			targets = (
				6569E63E2C8360A500CE1042 /* Leadership & Decision Making */,
			);
		};
/* End PBXProject section */

/* Begin PBXResourcesBuildPhase section */
		6569E63D2C8360A500CE1042 /* Resources */ = {
			isa = PBXResourcesBuildPhase;
			buildActionMask = 2147483647;
			files = (
				6569E6522C8360A700CE1042 /* LaunchScreen.storyboard in Resources */,
				6569E64F2C8360A700CE1042 /* Assets.xcassets in Resources */,
				6564A2562C84D52B0042983C /* L_exp_level.pdf in Resources */,
				6564A24D2C84D4910042983C /* D_int_level.pdf in Resources */,
				6564A2572C84D52B0042983C /* L_int_level.pdf in Resources */,
				6564A22B2C84509B0042983C /* _694d7a94-62d3-49c8-adfa-bc9804631895.jpeg in Resources */,
				6569E64A2C8360A500CE1042 /* Main.storyboard in Resources */,
				6564A24E2C84D4910042983C /* D_beg_level.pdf in Resources */,
				6564A2432C84D4310042983C /* T_exp_level.pdf in Resources */,
				6564A23E2C8482370042983C /* sample.pdf in Resources */,
				6564A2442C84D4310042983C /* T_int_level.pdf in Resources */,
				6564A2452C84D4310042983C /* T_beg_level.pdf in Resources */,
				6564A24C2C84D4910042983C /* D_exp_level.pdf in Resources */,
				6564A2552C84D52B0042983C /* L_beg_level.pdf in Resources */,
			);
			runOnlyForDeploymentPostprocessing = 0;
		};
/* End PBXResourcesBuildPhase section */

/* Begin PBXSourcesBuildPhase section */
		6569E63B2C8360A500CE1042 /* Sources */ = {
			isa = PBXSourcesBuildPhase;
			buildActionMask = 2147483647;
			files = (
				6569E6472C8360A500CE1042 /* ViewController.swift in Sources */,
				6569E6432C8360A500CE1042 /* AppDelegate.swift in Sources */,
				6564A2352C84696E0042983C /* SettingstypeViewController.swift in Sources */,
				6564A2312C84657A0042983C /* SettingsViewController.swift in Sources */,
				6569E6632C83664800CE1042 /* LessonView.swift in Sources */,
				6569E6682C8395DA00CE1042 /* DetailViewController.swift in Sources */,
				6564A2392C8481520042983C /* PDFReaderViewController.swift in Sources */,
				6569E6452C8360A500CE1042 /* SceneDelegate.swift in Sources */,
				6569E64D2C8360A500CE1042 /* Leadership___Decision_Making.xcdatamodeld in Sources */,
			);
			runOnlyForDeploymentPostprocessing = 0;
		};
/* End PBXSourcesBuildPhase section */

/* Begin PBXVariantGroup section */
		6569E6482C8360A500CE1042 /* Main.storyboard */ = {
			isa = PBXVariantGroup;
			children = (
				6569E6492C8360A500CE1042 /* Base */,
			);
			name = Main.storyboard;
			sourceTree = "<group>";
		};
		6569E6502C8360A700CE1042 /* LaunchScreen.storyboard */ = {
			isa = PBXVariantGroup;
			children = (
				6569E6512C8360A700CE1042 /* Base */,
			);
			name = LaunchScreen.storyboard;
			sourceTree = "<group>";
		};
/* End PBXVariantGroup section */

/* Begin XCBuildConfiguration section */
		6569E6542C8360A700CE1042 /* Debug */ = {
			isa = XCBuildConfiguration;
			buildSettings = {
				ALWAYS_SEARCH_USER_PATHS = NO;
				CLANG_ANALYZER_NONNULL = YES;
				CLANG_ANALYZER_NUMBER_OBJECT_CONVERSION = YES_AGGRESSIVE;
				CLANG_CXX_LANGUAGE_STANDARD = "gnu++14";
				CLANG_CXX_LIBRARY = "libc++";
				CLANG_ENABLE_MODULES = YES;
				CLANG_ENABLE_OBJC_ARC = YES;
				CLANG_ENABLE_OBJC_WEAK = YES;
				CLANG_WARN_BLOCK_CAPTURE_AUTORELEASING = YES;
				CLANG_WARN_BOOL_CONVERSION = YES;
				CLANG_WARN_COMMA = YES;
				CLANG_WARN_CONSTANT_CONVERSION = YES;
				CLANG_WARN_DEPRECATED_OBJC_IMPLEMENTATIONS = YES;
				CLANG_WARN_DIRECT_OBJC_ISA_USAGE = YES_ERROR;
				CLANG_WARN_DOCUMENTATION_COMMENTS = YES;
				CLANG_WARN_EMPTY_BODY = YES;
				CLANG_WARN_ENUM_CONVERSION = YES;
				CLANG_WARN_INFINITE_RECURSION = YES;
				CLANG_WARN_INT_CONVERSION = YES;
				CLANG_WARN_NON_LITERAL_NULL_CONVERSION = YES;
				CLANG_WARN_OBJC_IMPLICIT_RETAIN_SELF = YES;
				CLANG_WARN_OBJC_LITERAL_CONVERSION = YES;
				CLANG_WARN_OBJC_ROOT_CLASS = YES_ERROR;
				CLANG_WARN_QUOTED_INCLUDE_IN_FRAMEWORK_HEADER = YES;
				CLANG_WARN_RANGE_LOOP_ANALYSIS = YES;
				CLANG_WARN_STRICT_PROTOTYPES = YES;
				CLANG_WARN_SUSPICIOUS_MOVE = YES;
				CLANG_WARN_UNGUARDED_AVAILABILITY = YES_AGGRESSIVE;
				CLANG_WARN_UNREACHABLE_CODE = YES;
				CLANG_WARN__DUPLICATE_METHOD_MATCH = YES;
				COPY_PHASE_STRIP = NO;
				DEBUG_INFORMATION_FORMAT = dwarf;
				ENABLE_STRICT_OBJC_MSGSEND = YES;
				ENABLE_TESTABILITY = YES;
				GCC_C_LANGUAGE_STANDARD = gnu11;
				GCC_DYNAMIC_NO_PIC = NO;
				GCC_NO_COMMON_BLOCKS = YES;
				GCC_OPTIMIZATION_LEVEL = 0;
				GCC_PREPROCESSOR_DEFINITIONS = (
					"DEBUG=1",
					"$(inherited)",
				);
				GCC_WARN_64_TO_32_BIT_CONVERSION = YES;
				GCC_WARN_ABOUT_RETURN_TYPE = YES_ERROR;
				GCC_WARN_UNDECLARED_SELECTOR = YES;
				GCC_WARN_UNINITIALIZED_AUTOS = YES_AGGRESSIVE;
				GCC_WARN_UNUSED_FUNCTION = YES;
				GCC_WARN_UNUSED_VARIABLE = YES;
				IPHONEOS_DEPLOYMENT_TARGET = 14.4;
				MTL_ENABLE_DEBUG_INFO = INCLUDE_SOURCE;
				MTL_FAST_MATH = YES;
				ONLY_ACTIVE_ARCH = YES;
				SDKROOT = iphoneos;
				SWIFT_ACTIVE_COMPILATION_CONDITIONS = DEBUG;
				SWIFT_OPTIMIZATION_LEVEL = "-Onone";
			};
			name = Debug;
		};
		6569E6552C8360A700CE1042 /* Release */ = {
			isa = XCBuildConfiguration;
			buildSettings = {
				ALWAYS_SEARCH_USER_PATHS = NO;
				CLANG_ANALYZER_NONNULL = YES;
				CLANG_ANALYZER_NUMBER_OBJECT_CONVERSION = YES_AGGRESSIVE;
				CLANG_CXX_LANGUAGE_STANDARD = "gnu++14";
				CLANG_CXX_LIBRARY = "libc++";
				CLANG_ENABLE_MODULES = YES;
				CLANG_ENABLE_OBJC_ARC = YES;
				CLANG_ENABLE_OBJC_WEAK = YES;
				CLANG_WARN_BLOCK_CAPTURE_AUTORELEASING = YES;
				CLANG_WARN_BOOL_CONVERSION = YES;
				CLANG_WARN_COMMA = YES;
				CLANG_WARN_CONSTANT_CONVERSION = YES;
				CLANG_WARN_DEPRECATED_OBJC_IMPLEMENTATIONS = YES;
				CLANG_WARN_DIRECT_OBJC_ISA_USAGE = YES_ERROR;
				CLANG_WARN_DOCUMENTATION_COMMENTS = YES;
				CLANG_WARN_EMPTY_BODY = YES;
				CLANG_WARN_ENUM_CONVERSION = YES;
				CLANG_WARN_INFINITE_RECURSION = YES;
				CLANG_WARN_INT_CONVERSION = YES;
				CLANG_WARN_NON_LITERAL_NULL_CONVERSION = YES;
				CLANG_WARN_OBJC_IMPLICIT_RETAIN_SELF = YES;
				CLANG_WARN_OBJC_LITERAL_CONVERSION = YES;
				CLANG_WARN_OBJC_ROOT_CLASS = YES_ERROR;
				CLANG_WARN_QUOTED_INCLUDE_IN_FRAMEWORK_HEADER = YES;
				CLANG_WARN_RANGE_LOOP_ANALYSIS = YES;
				CLANG_WARN_STRICT_PROTOTYPES = YES;
				CLANG_WARN_SUSPICIOUS_MOVE = YES;
				CLANG_WARN_UNGUARDED_AVAILABILITY = YES_AGGRESSIVE;
				CLANG_WARN_UNREACHABLE_CODE = YES;
				CLANG_WARN__DUPLICATE_METHOD_MATCH = YES;
				COPY_PHASE_STRIP = NO;
				DEBUG_INFORMATION_FORMAT = "dwarf-with-dsym";
				ENABLE_NS_ASSERTIONS = NO;
				ENABLE_STRICT_OBJC_MSGSEND = YES;
				GCC_C_LANGUAGE_STANDARD = gnu11;
				GCC_NO_COMMON_BLOCKS = YES;
				GCC_WARN_64_TO_32_BIT_CONVERSION = YES;
				GCC_WARN_ABOUT_RETURN_TYPE = YES_ERROR;
				GCC_WARN_UNDECLARED_SELECTOR = YES;
				GCC_WARN_UNINITIALIZED_AUTOS = YES_AGGRESSIVE;
				GCC_WARN_UNUSED_FUNCTION = YES;
				GCC_WARN_UNUSED_VARIABLE = YES;
				IPHONEOS_DEPLOYMENT_TARGET = 14.4;
				MTL_ENABLE_DEBUG_INFO = NO;
				MTL_FAST_MATH = YES;
				SDKROOT = iphoneos;
				SWIFT_COMPILATION_MODE = wholemodule;
				SWIFT_OPTIMIZATION_LEVEL = "-O";
				VALIDATE_PRODUCT = YES;
			};
			name = Release;
		};
		6569E6572C8360A700CE1042 /* Debug */ = {
			isa = XCBuildConfiguration;
			buildSettings = {
				ASSETCATALOG_COMPILER_APPICON_NAME = AppIcon;
				ASSETCATALOG_COMPILER_GLOBAL_ACCENT_COLOR_NAME = AccentColor;
				CODE_SIGN_STYLE = Automatic;
				DEVELOPMENT_TEAM = SNQ78848GL;
				INFOPLIST_FILE = "Leadership & Decision Making/Info.plist";
				IPHONEOS_DEPLOYMENT_TARGET = 14.4;
				LD_RUNPATH_SEARCH_PATHS = (
					"$(inherited)",
					"@executable_path/Frameworks",
				);
				PRODUCT_BUNDLE_IDENTIFIER = "com.am.test.Leadership---Decision-Making";
				PRODUCT_NAME = "$(TARGET_NAME)";
				SWIFT_VERSION = 5.0;
				TARGETED_DEVICE_FAMILY = "1,2";
			};
			name = Debug;
		};
		6569E6582C8360A700CE1042 /* Release */ = {
			isa = XCBuildConfiguration;
			buildSettings = {
				ASSETCATALOG_COMPILER_APPICON_NAME = AppIcon;
				ASSETCATALOG_COMPILER_GLOBAL_ACCENT_COLOR_NAME = AccentColor;
				CODE_SIGN_STYLE = Automatic;
				DEVELOPMENT_TEAM = SNQ78848GL;
				INFOPLIST_FILE = "Leadership & Decision Making/Info.plist";
				IPHONEOS_DEPLOYMENT_TARGET = 14.4;
				LD_RUNPATH_SEARCH_PATHS = (
					"$(inherited)",
					"@executable_path/Frameworks",
				);
				PRODUCT_BUNDLE_IDENTIFIER = "com.am.test.Leadership---Decision-Making";
				PRODUCT_NAME = "$(TARGET_NAME)";
				SWIFT_VERSION = 5.0;
				TARGETED_DEVICE_FAMILY = "1,2";
			};
			name = Release;
		};
/* End XCBuildConfiguration section */

/* Begin XCConfigurationList section */
		6569E63A2C8360A500CE1042 /* Build configuration list for PBXProject "Leadership & Decision Making" */ = {
			isa = XCConfigurationList;
			buildConfigurations = (
				6569E6542C8360A700CE1042 /* Debug */,
				6569E6552C8360A700CE1042 /* Release */,
			);
			defaultConfigurationIsVisible = 0;
			defaultConfigurationName = Release;
		};
		6569E6562C8360A700CE1042 /* Build configuration list for PBXNativeTarget "Leadership & Decision Making" */ = {
			isa = XCConfigurationList;
			buildConfigurations = (
				6569E6572C8360A700CE1042 /* Debug */,
				6569E6582C8360A700CE1042 /* Release */,
			);
			defaultConfigurationIsVisible = 0;
			defaultConfigurationName = Release;
		};
/* End XCConfigurationList section */

/* Begin XCVersionGroup section */
		6569E64B2C8360A500CE1042 /* Leadership___Decision_Making.xcdatamodeld */ = {
			isa = XCVersionGroup;
			children = (
				6569E64C2C8360A500CE1042 /* Leadership___Decision_Making.xcdatamodel */,
			);
			currentVersion = 6569E64C2C8360A500CE1042 /* Leadership___Decision_Making.xcdatamodel */;
			path = "Leadership___Decision_Making.xcdatamodeld";
			sourceTree = "<group>";
			versionGroupType = wrapper.xcdatamodel;
		};
/* End XCVersionGroup section */
	};
	rootObject = 6569E6372C8360A500CE1042 /* Project object */;
}
